{
  "name": "mock",
  "version": "1.0.0",
  "lockfileVersion": 2,
  "requires": true,
  "packages": {
    "": {
      "name": "mock",
      "version": "1.0.0",
      "license": "Apache-2.0",
      "dependencies": {
        "@enhance/element": "^1.0.1"
      }
    },
    "node_modules/@enhance/element": {
      "version": "1.0.1",
      "resolved": "https://registry.npmjs.org/@enhance/element/-/element-1.0.1.tgz",
      "integrity": "sha512-XxIlsC8tmt73U67N4Y3q3rXiNgJwcAHmBI2Y5dCmadZf7Uxe3/A/ldLwfPX8e7X98DrbeM+1wPsDvpDmDOEFNg=="
    }
  },
  "dependencies": {
    "@enhance/element": {
      "version": "1.0.1",
      "resolved": "https://registry.npmjs.org/@enhance/element/-/element-1.0.1.tgz",
      "integrity": "sha512-XxIlsC8tmt73U67N4Y3q3rXiNgJwcAHmBI2Y5dCmadZf7Uxe3/A/ldLwfPX8e7X98DrbeM+1wPsDvpDmDOEFNg=="
    }
  }
}
